
Microsoft Visual Studio Solution File, Format Version 12.00
# Visual Studio Version 16
VisualStudioVersion = 16.0.29403.142
MinimumVisualStudioVersion = 10.0.40219.1
Project("{9A19103F-16F7-4668-BE54-9A1E7A4F7556}") = "PetsOop", "PetsOop\PetsOop.csproj", "{035CF3DC-1BB9-4DB1-BFA8-22CD6D1625F5}"
EndProject
Project("{9A19103F-16F7-4668-BE54-9A1E7A4F7556}") = "Person", "Person\Person.csproj", "{458B2346-EF1E-4B09-804C-8388FEF5FABC}"
EndProject
Project("{FAE04EC0-301F-11D3-BF4B-00C04F79EFBC}") = "MyICloneable", "ICloneable\MyICloneable.csproj", "{53D99FE1-5C73-47DC-82B5-A8038059DEAA}"
EndProject
Project("{FAE04EC0-301F-11D3-BF4B-00C04F79EFBC}") = "Boxing", "Boxing\Boxing.csproj", "{33EF3DE4-F647-4E9A-B069-9177C141B845}"
EndProject
Project("{FAE04EC0-301F-11D3-BF4B-00C04F79EFBC}") = "Enum", "Enum\Enum.csproj", "{D60101CF-1E93-4EAD-9C1C-73F5070193A6}"
EndProject
Project("{FAE04EC0-301F-11D3-BF4B-00C04F79EFBC}") = "IQueryable", "IQueryable\IQueryable.csproj", "{A8FAA630-A945-412B-8DD6-54F3FCB4A986}"
EndProject
Project("{FAE04EC0-301F-11D3-BF4B-00C04F79EFBC}") = "Comparator", "Comparator\Comparator.csproj", "{14FEF81F-E096-4A14-A22D-26D42A46B524}"
EndProject
Global
	GlobalSection(SolutionConfigurationPlatforms) = preSolution
		Debug|Any CPU = Debug|Any CPU
		Release|Any CPU = Release|Any CPU
	EndGlobalSection
	GlobalSection(ProjectConfigurationPlatforms) = postSolution
		{035CF3DC-1BB9-4DB1-BFA8-22CD6D1625F5}.Debug|Any CPU.ActiveCfg = Debug|Any CPU
		{035CF3DC-1BB9-4DB1-BFA8-22CD6D1625F5}.Debug|Any CPU.Build.0 = Debug|Any CPU
		{035CF3DC-1BB9-4DB1-BFA8-22CD6D1625F5}.Release|Any CPU.ActiveCfg = Release|Any CPU
		{035CF3DC-1BB9-4DB1-BFA8-22CD6D1625F5}.Release|Any CPU.Build.0 = Release|Any CPU
		{458B2346-EF1E-4B09-804C-8388FEF5FABC}.Debug|Any CPU.ActiveCfg = Debug|Any CPU
		{458B2346-EF1E-4B09-804C-8388FEF5FABC}.Debug|Any CPU.Build.0 = Debug|Any CPU
		{458B2346-EF1E-4B09-804C-8388FEF5FABC}.Release|Any CPU.ActiveCfg = Release|Any CPU
		{458B2346-EF1E-4B09-804C-8388FEF5FABC}.Release|Any CPU.Build.0 = Release|Any CPU
		{53D99FE1-5C73-47DC-82B5-A8038059DEAA}.Debug|Any CPU.ActiveCfg = Debug|Any CPU
		{53D99FE1-5C73-47DC-82B5-A8038059DEAA}.Debug|Any CPU.Build.0 = Debug|Any CPU
		{53D99FE1-5C73-47DC-82B5-A8038059DEAA}.Release|Any CPU.ActiveCfg = Release|Any CPU
		{53D99FE1-5C73-47DC-82B5-A8038059DEAA}.Release|Any CPU.Build.0 = Release|Any CPU
		{33EF3DE4-F647-4E9A-B069-9177C141B845}.Debug|Any CPU.ActiveCfg = Debug|Any CPU
		{33EF3DE4-F647-4E9A-B069-9177C141B845}.Debug|Any CPU.Build.0 = Debug|Any CPU
		{33EF3DE4-F647-4E9A-B069-9177C141B845}.Release|Any CPU.ActiveCfg = Release|Any CPU
		{33EF3DE4-F647-4E9A-B069-9177C141B845}.Release|Any CPU.Build.0 = Release|Any CPU
		{D60101CF-1E93-4EAD-9C1C-73F5070193A6}.Debug|Any CPU.ActiveCfg = Debug|Any CPU
		{D60101CF-1E93-4EAD-9C1C-73F5070193A6}.Debug|Any CPU.Build.0 = Debug|Any CPU
		{D60101CF-1E93-4EAD-9C1C-73F5070193A6}.Release|Any CPU.ActiveCfg = Release|Any CPU
		{D60101CF-1E93-4EAD-9C1C-73F5070193A6}.Release|Any CPU.Build.0 = Release|Any CPU
		{A8FAA630-A945-412B-8DD6-54F3FCB4A986}.Debug|Any CPU.ActiveCfg = Debug|Any CPU
		{A8FAA630-A945-412B-8DD6-54F3FCB4A986}.Debug|Any CPU.Build.0 = Debug|Any CPU
		{A8FAA630-A945-412B-8DD6-54F3FCB4A986}.Release|Any CPU.ActiveCfg = Release|Any CPU
		{A8FAA630-A945-412B-8DD6-54F3FCB4A986}.Release|Any CPU.Build.0 = Release|Any CPU
		{14FEF81F-E096-4A14-A22D-26D42A46B524}.Debug|Any CPU.ActiveCfg = Debug|Any CPU
		{14FEF81F-E096-4A14-A22D-26D42A46B524}.Debug|Any CPU.Build.0 = Debug|Any CPU
		{14FEF81F-E096-4A14-A22D-26D42A46B524}.Release|Any CPU.ActiveCfg = Release|Any CPU
		{14FEF81F-E096-4A14-A22D-26D42A46B524}.Release|Any CPU.Build.0 = Release|Any CPU
	EndGlobalSection
	GlobalSection(SolutionProperties) = preSolution
		HideSolutionNode = FALSE
	EndGlobalSection
	GlobalSection(ExtensibilityGlobals) = postSolution
		SolutionGuid = {B769FE71-F431-40EE-90EB-4E68AD1F20C2}
	EndGlobalSection
EndGlobal
